
Microsoft Visual Studio Solution File, Format Version 12.00
# Visual Studio Version 17
VisualStudioVersion = 17.0.32014.148
MinimumVisualStudioVersion = 10.0.40219.1
Project("{FAE04EC0-301F-11D3-BF4B-00C04F79EFBC}") = "ProgramacaoAssincrona", "ProgramacaoAssincrona.csproj", "{3E0D2449-6E31-4535-8CBE-BD4479F2F63A}"
EndProject
Global
	GlobalSection(SolutionConfigurationPlatforms) = preSolution
		Debug|Any CPU = Debug|Any CPU
		Release|Any CPU = Release|Any CPU
	EndGlobalSection
	GlobalSection(ProjectConfigurationPlatforms) = postSolution
		{3E0D2449-6E31-4535-8CBE-BD4479F2F63A}.Debug|Any CPU.ActiveCfg = Debug|Any CPU
		{3E0D2449-6E31-4535-8CBE-BD4479F2F63A}.Debug|Any CPU.Build.0 = Debug|Any CPU
		{3E0D2449-6E31-4535-8CBE-BD4479F2F63A}.Release|Any CPU.ActiveCfg = Release|Any CPU
		{3E0D2449-6E31-4535-8CBE-BD4479F2F63A}.Release|Any CPU.Build.0 = Release|Any CPU
	EndGlobalSection
	GlobalSection(SolutionProperties) = preSolution
		HideSolutionNode = FALSE
	EndGlobalSection
	GlobalSection(ExtensibilityGlobals) = postSolution
		SolutionGuid = {6775F259-98F0-4D64-8E50-6E84E1F02045}
	EndGlobalSection
EndGlobal
